
Microsoft Visual Studio Solution File, Format Version 12.00
# Visual Studio Version 17
VisualStudioVersion = 17.5.002.0
MinimumVisualStudioVersion = 10.0.40219.1
Project("{9A19103F-16F7-4668-BE54-9A1E7A4F7556}") = "MyApp", "MyApp\MyApp.csproj", "{B25020C7-F031-45EC-AF1C-5100B063A24F}"
EndProject
Global
	GlobalSection(SolutionConfigurationPlatforms) = preSolution
		Debug|Any CPU = Debug|Any CPU
		Release|Any CPU = Release|Any CPU
	EndGlobalSection
	GlobalSection(ProjectConfigurationPlatforms) = postSolution
		{B25020C7-F031-45EC-AF1C-5100B063A24F}.Debug|Any CPU.ActiveCfg = Debug|Any CPU
		{B25020C7-F031-45EC-AF1C-5100B063A24F}.Debug|Any CPU.Build.0 = Debug|Any CPU
		{B25020C7-F031-45EC-AF1C-5100B063A24F}.Release|Any CPU.ActiveCfg = Release|Any CPU
		{B25020C7-F031-45EC-AF1C-5100B063A24F}.Release|Any CPU.Build.0 = Release|Any CPU
	EndGlobalSection
	GlobalSection(SolutionProperties) = preSolution
		HideSolutionNode = FALSE
	EndGlobalSection
	GlobalSection(ExtensibilityGlobals) = postSolution
		SolutionGuid = {9D447E03-74B1-4F37-8A2B-152B3609CBA7}
	EndGlobalSection
EndGlobal
